
Microsoft Visual Studio Solution File, Format Version 12.00
# Visual Studio Version 16
VisualStudioVersion = 16.0.29926.136
MinimumVisualStudioVersion = 10.0.40219.1
Project("{FAE04EC0-301F-11D3-BF4B-00C04F79EFBC}") = "BbbScaler.BusinessLogic", "BbbScaler.BusinessLogic\BbbScaler.BusinessLogic.csproj", "{1288447E-426F-4757-954A-6C89AFCC5C43}"
EndProject
Project("{FAE04EC0-301F-11D3-BF4B-00C04F79EFBC}") = "BbbScaler.Api", "BbbScaler.Api\BbbScaler.Api.csproj", "{DC2031A0-559A-4A1E-A4AE-EF11192099C0}"
EndProject
Global
	GlobalSection(SolutionConfigurationPlatforms) = preSolution
		Debug|Any CPU = Debug|Any CPU
		Release|Any CPU = Release|Any CPU
	EndGlobalSection
	GlobalSection(ProjectConfigurationPlatforms) = postSolution
		{1288447E-426F-4757-954A-6C89AFCC5C43}.Debug|Any CPU.ActiveCfg = Debug|Any CPU
		{1288447E-426F-4757-954A-6C89AFCC5C43}.Debug|Any CPU.Build.0 = Debug|Any CPU
		{1288447E-426F-4757-954A-6C89AFCC5C43}.Release|Any CPU.ActiveCfg = Release|Any CPU
		{1288447E-426F-4757-954A-6C89AFCC5C43}.Release|Any CPU.Build.0 = Release|Any CPU
		{DC2031A0-559A-4A1E-A4AE-EF11192099C0}.Debug|Any CPU.ActiveCfg = Debug|Any CPU
		{DC2031A0-559A-4A1E-A4AE-EF11192099C0}.Debug|Any CPU.Build.0 = Debug|Any CPU
		{DC2031A0-559A-4A1E-A4AE-EF11192099C0}.Release|Any CPU.ActiveCfg = Release|Any CPU
		{DC2031A0-559A-4A1E-A4AE-EF11192099C0}.Release|Any CPU.Build.0 = Release|Any CPU
	EndGlobalSection
	GlobalSection(SolutionProperties) = preSolution
		HideSolutionNode = FALSE
	EndGlobalSection
	GlobalSection(ExtensibilityGlobals) = postSolution
		SolutionGuid = {978C720B-1DD0-423D-9038-68A236C926A8}
	EndGlobalSection
EndGlobal
